
Microsoft Visual Studio Solution File, Format Version 12.00
# Visual Studio Version 17
VisualStudioVersion = 17.12.35527.113 d17.12
MinimumVisualStudioVersion = 10.0.40219.1
Project("{FAE04EC0-301F-11D3-BF4B-00C04F79EFBC}") = "SharpModbus", "SharpModbus\SharpModbus.csproj", "{8A39272C-F5B2-49E5-B486-D4B56ACE4D8B}"
EndProject
Project("{FAE04EC0-301F-11D3-BF4B-00C04F79EFBC}") = "Test_ModbusRTU", "Test_ModbusRTU\Test_ModbusRTU.csproj", "{71FD950A-707E-430C-8C3F-E2E71273C7C4}"
EndProject
Global
	GlobalSection(SolutionConfigurationPlatforms) = preSolution
		Debug|Any CPU = Debug|Any CPU
		Release|Any CPU = Release|Any CPU
	EndGlobalSection
	GlobalSection(ProjectConfigurationPlatforms) = postSolution
		{8A39272C-F5B2-49E5-B486-D4B56ACE4D8B}.Debug|Any CPU.ActiveCfg = Debug|Any CPU
		{8A39272C-F5B2-49E5-B486-D4B56ACE4D8B}.Debug|Any CPU.Build.0 = Debug|Any CPU
		{8A39272C-F5B2-49E5-B486-D4B56ACE4D8B}.Release|Any CPU.ActiveCfg = Release|Any CPU
		{8A39272C-F5B2-49E5-B486-D4B56ACE4D8B}.Release|Any CPU.Build.0 = Release|Any CPU
		{71FD950A-707E-430C-8C3F-E2E71273C7C4}.Debug|Any CPU.ActiveCfg = Debug|Any CPU
		{71FD950A-707E-430C-8C3F-E2E71273C7C4}.Debug|Any CPU.Build.0 = Debug|Any CPU
		{71FD950A-707E-430C-8C3F-E2E71273C7C4}.Release|Any CPU.ActiveCfg = Release|Any CPU
		{71FD950A-707E-430C-8C3F-E2E71273C7C4}.Release|Any CPU.Build.0 = Release|Any CPU
	EndGlobalSection
	GlobalSection(SolutionProperties) = preSolution
		HideSolutionNode = FALSE
	EndGlobalSection
EndGlobal
